
Microsoft Visual Studio Solution File, Format Version 12.00
# Visual Studio Version 17
VisualStudioVersion = 17.0.31611.283
MinimumVisualStudioVersion = 10.0.40219.1
Project("{9A19103F-16F7-4668-BE54-9A1E7A4F7556}") = "MauiAppWithMenuItem", "..\..\..\Users\matthewclendening\source\repos\MauiAppWithMenuItem\MauiAppWithMenuItem\MauiAppWithMenuItem.csproj", "{634D2995-AF8D-4686-B02E-16E6004118D3}"
EndProject
Global
	GlobalSection(SolutionConfigurationPlatforms) = preSolution
		Debug|Any CPU = Debug|Any CPU
		Release|Any CPU = Release|Any CPU
	EndGlobalSection
	GlobalSection(ProjectConfigurationPlatforms) = postSolution
		{634D2995-AF8D-4686-B02E-16E6004118D3}.Debug|Any CPU.ActiveCfg = Debug|Any CPU
		{634D2995-AF8D-4686-B02E-16E6004118D3}.Debug|Any CPU.Build.0 = Debug|Any CPU
		{634D2995-AF8D-4686-B02E-16E6004118D3}.Debug|Any CPU.Deploy.0 = Debug|Any CPU
		{634D2995-AF8D-4686-B02E-16E6004118D3}.Release|Any CPU.ActiveCfg = Release|Any CPU
		{634D2995-AF8D-4686-B02E-16E6004118D3}.Release|Any CPU.Build.0 = Release|Any CPU
		{634D2995-AF8D-4686-B02E-16E6004118D3}.Release|Any CPU.Deploy.0 = Release|Any CPU
	EndGlobalSection
	GlobalSection(SolutionProperties) = preSolution
		HideSolutionNode = FALSE
	EndGlobalSection
	GlobalSection(ExtensibilityGlobals) = postSolution
		SolutionGuid = {61F7FB11-1E47-470C-91E2-47F8143E1572}
	EndGlobalSection
EndGlobal
